{
  "lockfileVersion": 1,
  "configVersion": 0,
  "workspaces": {
    "": {
      "dependencies": {
        "@hono/valibot-validator": "latest",
        "@taisan11/unix-crypto-td-esm": "npm:@jsr/taisan11__unix-crypto-td-esm",
        "drizzle-orm": "latest",
        "encoding-japanese": "latest",
        "hono": "latest",
        "iconv-cp932": "latest",
        "std-env": "latest",
        "unstorage": "latest",
        "valibot": "latest",
      },
      "devDependencies": {
        "@types/bun": "latest",
        "@types/encoding-japanese": "latest",
        "drizzle-kit": "latest",
        "listhen": "latest",
        "pathe": "latest",
        "unenv": "latest",
      },
    },
  },
  "packages": {
    "@drizzle-team/brocli": ["@drizzle-team/brocli@0.10.2", "", {}, "sha512-z33Il7l5dKjUgGULTqBsQBQwckHh5AbIuxhdsIxDDiZAzBOrZO6q9ogcWC65kU382AfynTfgNumVcNIjuIua6w=="],

    "@esbuild-kit/core-utils": ["@esbuild-kit/core-utils@3.3.2", "", { "dependencies": { "esbuild": "~0.18.20", "source-map-support": "^0.5.21" } }, "sha512-sPRAnw9CdSsRmEtnsl2WXWdyquogVpB3yZ3dgwJfe8zrOzTsV7cJvmwrKVa+0ma5BoiGJ+BoqkMvawbayKUsqQ=="],

    "@esbuild-kit/esm-loader": ["@esbuild-kit/esm-loader@2.6.5", "", { "dependencies": { "@esbuild-kit/core-utils": "^3.3.2", "get-tsconfig": "^4.7.0" } }, "sha512-FxEMIkJKnodyA1OaCUoEvbYRkoZlLZ4d/eXFu9Fh8CbBBgP5EmZxrfTRyN0qpXZ4vOvqnE5YdRdcrmUUXuU+dA=="],

    "@esbuild/aix-ppc64": ["@esbuild/aix-ppc64@0.25.6", "", { "os": "aix", "cpu": "ppc64" }, "sha512-ShbM/3XxwuxjFiuVBHA+d3j5dyac0aEVVq1oluIDf71hUw0aRF59dV/efUsIwFnR6m8JNM2FjZOzmaZ8yG61kw=="],

    "@esbuild/android-arm": ["@esbuild/android-arm@0.25.6", "", { "os": "android", "cpu": "arm" }, "sha512-S8ToEOVfg++AU/bHwdksHNnyLyVM+eMVAOf6yRKFitnwnbwwPNqKr3srzFRe7nzV69RQKb5DgchIX5pt3L53xg=="],

    "@esbuild/android-arm64": ["@esbuild/android-arm64@0.25.6", "", { "os": "android", "cpu": "arm64" }, "sha512-hd5zdUarsK6strW+3Wxi5qWws+rJhCCbMiC9QZyzoxfk5uHRIE8T287giQxzVpEvCwuJ9Qjg6bEjcRJcgfLqoA=="],

    "@esbuild/android-x64": ["@esbuild/android-x64@0.25.6", "", { "os": "android", "cpu": "x64" }, "sha512-0Z7KpHSr3VBIO9A/1wcT3NTy7EB4oNC4upJ5ye3R7taCc2GUdeynSLArnon5G8scPwaU866d3H4BCrE5xLW25A=="],

    "@esbuild/darwin-arm64": ["@esbuild/darwin-arm64@0.25.6", "", { "os": "darwin", "cpu": "arm64" }, "sha512-FFCssz3XBavjxcFxKsGy2DYK5VSvJqa6y5HXljKzhRZ87LvEi13brPrf/wdyl/BbpbMKJNOr1Sd0jtW4Ge1pAA=="],

    "@esbuild/darwin-x64": ["@esbuild/darwin-x64@0.25.6", "", { "os": "darwin", "cpu": "x64" }, "sha512-GfXs5kry/TkGM2vKqK2oyiLFygJRqKVhawu3+DOCk7OxLy/6jYkWXhlHwOoTb0WqGnWGAS7sooxbZowy+pK9Yg=="],

    "@esbuild/freebsd-arm64": ["@esbuild/freebsd-arm64@0.25.6", "", { "os": "freebsd", "cpu": "arm64" }, "sha512-aoLF2c3OvDn2XDTRvn8hN6DRzVVpDlj2B/F66clWd/FHLiHaG3aVZjxQX2DYphA5y/evbdGvC6Us13tvyt4pWg=="],

    "@esbuild/freebsd-x64": ["@esbuild/freebsd-x64@0.25.6", "", { "os": "freebsd", "cpu": "x64" }, "sha512-2SkqTjTSo2dYi/jzFbU9Plt1vk0+nNg8YC8rOXXea+iA3hfNJWebKYPs3xnOUf9+ZWhKAaxnQNUf2X9LOpeiMQ=="],

    "@esbuild/linux-arm": ["@esbuild/linux-arm@0.25.6", "", { "os": "linux", "cpu": "arm" }, "sha512-SZHQlzvqv4Du5PrKE2faN0qlbsaW/3QQfUUc6yO2EjFcA83xnwm91UbEEVx4ApZ9Z5oG8Bxz4qPE+HFwtVcfyw=="],

    "@esbuild/linux-arm64": ["@esbuild/linux-arm64@0.25.6", "", { "os": "linux", "cpu": "arm64" }, "sha512-b967hU0gqKd9Drsh/UuAm21Khpoh6mPBSgz8mKRq4P5mVK8bpA+hQzmm/ZwGVULSNBzKdZPQBRT3+WuVavcWsQ=="],

    "@esbuild/linux-ia32": ["@esbuild/linux-ia32@0.25.6", "", { "os": "linux", "cpu": "ia32" }, "sha512-aHWdQ2AAltRkLPOsKdi3xv0mZ8fUGPdlKEjIEhxCPm5yKEThcUjHpWB1idN74lfXGnZ5SULQSgtr5Qos5B0bPw=="],

    "@esbuild/linux-loong64": ["@esbuild/linux-loong64@0.25.6", "", { "os": "linux", "cpu": "none" }, "sha512-VgKCsHdXRSQ7E1+QXGdRPlQ/e08bN6WMQb27/TMfV+vPjjTImuT9PmLXupRlC90S1JeNNW5lzkAEO/McKeJ2yg=="],

    "@esbuild/linux-mips64el": ["@esbuild/linux-mips64el@0.25.6", "", { "os": "linux", "cpu": "none" }, "sha512-WViNlpivRKT9/py3kCmkHnn44GkGXVdXfdc4drNmRl15zVQ2+D2uFwdlGh6IuK5AAnGTo2qPB1Djppj+t78rzw=="],

    "@esbuild/linux-ppc64": ["@esbuild/linux-ppc64@0.25.6", "", { "os": "linux", "cpu": "ppc64" }, "sha512-wyYKZ9NTdmAMb5730I38lBqVu6cKl4ZfYXIs31Baf8aoOtB4xSGi3THmDYt4BTFHk7/EcVixkOV2uZfwU3Q2Jw=="],

    "@esbuild/linux-riscv64": ["@esbuild/linux-riscv64@0.25.6", "", { "os": "linux", "cpu": "none" }, "sha512-KZh7bAGGcrinEj4qzilJ4hqTY3Dg2U82c8bv+e1xqNqZCrCyc+TL9AUEn5WGKDzm3CfC5RODE/qc96OcbIe33w=="],

    "@esbuild/linux-s390x": ["@esbuild/linux-s390x@0.25.6", "", { "os": "linux", "cpu": "s390x" }, "sha512-9N1LsTwAuE9oj6lHMyyAM+ucxGiVnEqUdp4v7IaMmrwb06ZTEVCIs3oPPplVsnjPfyjmxwHxHMF8b6vzUVAUGw=="],

    "@esbuild/linux-x64": ["@esbuild/linux-x64@0.25.6", "", { "os": "linux", "cpu": "x64" }, "sha512-A6bJB41b4lKFWRKNrWoP2LHsjVzNiaurf7wyj/XtFNTsnPuxwEBWHLty+ZE0dWBKuSK1fvKgrKaNjBS7qbFKig=="],

    "@esbuild/netbsd-arm64": ["@esbuild/netbsd-arm64@0.25.6", "", { "os": "none", "cpu": "arm64" }, "sha512-IjA+DcwoVpjEvyxZddDqBY+uJ2Snc6duLpjmkXm/v4xuS3H+3FkLZlDm9ZsAbF9rsfP3zeA0/ArNDORZgrxR/Q=="],

    "@esbuild/netbsd-x64": ["@esbuild/netbsd-x64@0.25.6", "", { "os": "none", "cpu": "x64" }, "sha512-dUXuZr5WenIDlMHdMkvDc1FAu4xdWixTCRgP7RQLBOkkGgwuuzaGSYcOpW4jFxzpzL1ejb8yF620UxAqnBrR9g=="],

    "@esbuild/openbsd-arm64": ["@esbuild/openbsd-arm64@0.25.6", "", { "os": "openbsd", "cpu": "arm64" }, "sha512-l8ZCvXP0tbTJ3iaqdNf3pjaOSd5ex/e6/omLIQCVBLmHTlfXW3zAxQ4fnDmPLOB1x9xrcSi/xtCWFwCZRIaEwg=="],

    "@esbuild/openbsd-x64": ["@esbuild/openbsd-x64@0.25.6", "", { "os": "openbsd", "cpu": "x64" }, "sha512-hKrmDa0aOFOr71KQ/19JC7az1P0GWtCN1t2ahYAf4O007DHZt/dW8ym5+CUdJhQ/qkZmI1HAF8KkJbEFtCL7gw=="],

    "@esbuild/openharmony-arm64": ["@esbuild/openharmony-arm64@0.25.6", "", { "os": "none", "cpu": "arm64" }, "sha512-+SqBcAWoB1fYKmpWoQP4pGtx+pUUC//RNYhFdbcSA16617cchuryuhOCRpPsjCblKukAckWsV+aQ3UKT/RMPcA=="],

    "@esbuild/sunos-x64": ["@esbuild/sunos-x64@0.25.6", "", { "os": "sunos", "cpu": "x64" }, "sha512-dyCGxv1/Br7MiSC42qinGL8KkG4kX0pEsdb0+TKhmJZgCUDBGmyo1/ArCjNGiOLiIAgdbWgmWgib4HoCi5t7kA=="],

    "@esbuild/win32-arm64": ["@esbuild/win32-arm64@0.25.6", "", { "os": "win32", "cpu": "arm64" }, "sha512-42QOgcZeZOvXfsCBJF5Afw73t4veOId//XD3i+/9gSkhSV6Gk3VPlWncctI+JcOyERv85FUo7RxuxGy+z8A43Q=="],

    "@esbuild/win32-ia32": ["@esbuild/win32-ia32@0.25.6", "", { "os": "win32", "cpu": "ia32" }, "sha512-4AWhgXmDuYN7rJI6ORB+uU9DHLq/erBbuMoAuB4VWJTu5KtCgcKYPynF0YI1VkBNuEfjNlLrFr9KZPJzrtLkrQ=="],

    "@esbuild/win32-x64": ["@esbuild/win32-x64@0.25.6", "", { "os": "win32", "cpu": "x64" }, "sha512-NgJPHHbEpLQgDH2MjQu90pzW/5vvXIZ7KOnPyNBm92A6WgZ/7b6fJyUBjoumLqeOQQGqY2QjQxRo97ah4Sj0cA=="],

    "@hono/valibot-validator": ["@hono/valibot-validator@0.6.0", "", { "peerDependencies": { "hono": ">=3.9.0", "valibot": "^1.0.0 || ^1.0.0-beta.4 || ^1.0.0-rc" } }, "sha512-p1kbfF9FiXX9+tjWZmDkfjs0GcZ+o6XGFMwCiXiTlUDl9C6Bu+qH5YMgxtokK6hAvMk4s3eScAFwKLC0qeN2Ow=="],

    "@parcel/watcher": ["@parcel/watcher@2.5.1", "", { "dependencies": { "detect-libc": "^1.0.3", "is-glob": "^4.0.3", "micromatch": "^4.0.5", "node-addon-api": "^7.0.0" }, "optionalDependencies": { "@parcel/watcher-android-arm64": "2.5.1", "@parcel/watcher-darwin-arm64": "2.5.1", "@parcel/watcher-darwin-x64": "2.5.1", "@parcel/watcher-freebsd-x64": "2.5.1", "@parcel/watcher-linux-arm-glibc": "2.5.1", "@parcel/watcher-linux-arm-musl": "2.5.1", "@parcel/watcher-linux-arm64-glibc": "2.5.1", "@parcel/watcher-linux-arm64-musl": "2.5.1", "@parcel/watcher-linux-x64-glibc": "2.5.1", "@parcel/watcher-linux-x64-musl": "2.5.1", "@parcel/watcher-win32-arm64": "2.5.1", "@parcel/watcher-win32-ia32": "2.5.1", "@parcel/watcher-win32-x64": "2.5.1" } }, "sha512-dfUnCxiN9H4ap84DvD2ubjw+3vUNpstxa0TneY/Paat8a3R4uQZDLSvWjmznAY/DoahqTHl9V46HF/Zs3F29pg=="],

    "@parcel/watcher-android-arm64": ["@parcel/watcher-android-arm64@2.5.1", "", { "os": "android", "cpu": "arm64" }, "sha512-KF8+j9nNbUN8vzOFDpRMsaKBHZ/mcjEjMToVMJOhTozkDonQFFrRcfdLWn6yWKCmJKmdVxSgHiYvTCef4/qcBA=="],

    "@parcel/watcher-darwin-arm64": ["@parcel/watcher-darwin-arm64@2.5.1", "", { "os": "darwin", "cpu": "arm64" }, "sha512-eAzPv5osDmZyBhou8PoF4i6RQXAfeKL9tjb3QzYuccXFMQU0ruIc/POh30ePnaOyD1UXdlKguHBmsTs53tVoPw=="],

    "@parcel/watcher-darwin-x64": ["@parcel/watcher-darwin-x64@2.5.1", "", { "os": "darwin", "cpu": "x64" }, "sha512-1ZXDthrnNmwv10A0/3AJNZ9JGlzrF82i3gNQcWOzd7nJ8aj+ILyW1MTxVk35Db0u91oD5Nlk9MBiujMlwmeXZg=="],

    "@parcel/watcher-freebsd-x64": ["@parcel/watcher-freebsd-x64@2.5.1", "", { "os": "freebsd", "cpu": "x64" }, "sha512-SI4eljM7Flp9yPuKi8W0ird8TI/JK6CSxju3NojVI6BjHsTyK7zxA9urjVjEKJ5MBYC+bLmMcbAWlZ+rFkLpJQ=="],

    "@parcel/watcher-linux-arm-glibc": ["@parcel/watcher-linux-arm-glibc@2.5.1", "", { "os": "linux", "cpu": "arm" }, "sha512-RCdZlEyTs8geyBkkcnPWvtXLY44BCeZKmGYRtSgtwwnHR4dxfHRG3gR99XdMEdQ7KeiDdasJwwvNSF5jKtDwdA=="],

    "@parcel/watcher-linux-arm-musl": ["@parcel/watcher-linux-arm-musl@2.5.1", "", { "os": "linux", "cpu": "arm" }, "sha512-6E+m/Mm1t1yhB8X412stiKFG3XykmgdIOqhjWj+VL8oHkKABfu/gjFj8DvLrYVHSBNC+/u5PeNrujiSQ1zwd1Q=="],

    "@parcel/watcher-linux-arm64-glibc": ["@parcel/watcher-linux-arm64-glibc@2.5.1", "", { "os": "linux", "cpu": "arm64" }, "sha512-LrGp+f02yU3BN9A+DGuY3v3bmnFUggAITBGriZHUREfNEzZh/GO06FF5u2kx8x+GBEUYfyTGamol4j3m9ANe8w=="],

    "@parcel/watcher-linux-arm64-musl": ["@parcel/watcher-linux-arm64-musl@2.5.1", "", { "os": "linux", "cpu": "arm64" }, "sha512-cFOjABi92pMYRXS7AcQv9/M1YuKRw8SZniCDw0ssQb/noPkRzA+HBDkwmyOJYp5wXcsTrhxO0zq1U11cK9jsFg=="],

    "@parcel/watcher-linux-x64-glibc": ["@parcel/watcher-linux-x64-glibc@2.5.1", "", { "os": "linux", "cpu": "x64" }, "sha512-GcESn8NZySmfwlTsIur+49yDqSny2IhPeZfXunQi48DMugKeZ7uy1FX83pO0X22sHntJ4Ub+9k34XQCX+oHt2A=="],

    "@parcel/watcher-linux-x64-musl": ["@parcel/watcher-linux-x64-musl@2.5.1", "", { "os": "linux", "cpu": "x64" }, "sha512-n0E2EQbatQ3bXhcH2D1XIAANAcTZkQICBPVaxMeaCVBtOpBZpWJuf7LwyWPSBDITb7In8mqQgJ7gH8CILCURXg=="],

    "@parcel/watcher-wasm": ["@parcel/watcher-wasm@2.5.1", "", { "dependencies": { "is-glob": "^4.0.3", "micromatch": "^4.0.5", "napi-wasm": "^1.1.0" } }, "sha512-RJxlQQLkaMMIuWRozy+z2vEqbaQlCuaCgVZIUCzQLYggY22LZbP5Y1+ia+FD724Ids9e+XIyOLXLrLgQSHIthw=="],

    "@parcel/watcher-win32-arm64": ["@parcel/watcher-win32-arm64@2.5.1", "", { "os": "win32", "cpu": "arm64" }, "sha512-RFzklRvmc3PkjKjry3hLF9wD7ppR4AKcWNzH7kXR7GUe0Igb3Nz8fyPwtZCSquGrhU5HhUNDr/mKBqj7tqA2Vw=="],

    "@parcel/watcher-win32-ia32": ["@parcel/watcher-win32-ia32@2.5.1", "", { "os": "win32", "cpu": "ia32" }, "sha512-c2KkcVN+NJmuA7CGlaGD1qJh1cLfDnQsHjE89E60vUEMlqduHGCdCLJCID5geFVM0dOtA3ZiIO8BoEQmzQVfpQ=="],

    "@parcel/watcher-win32-x64": ["@parcel/watcher-win32-x64@2.5.1", "", { "os": "win32", "cpu": "x64" }, "sha512-9lHBdJITeNR++EvSQVUcaZoWupyHfXe1jZvGZ06O/5MflPcuPLtEphScIBL+AiCWBO46tDSHzWyD0uDmmZqsgA=="],

    "@taisan11/unix-crypto-td-esm": ["@jsr/taisan11__unix-crypto-td-esm@1.0.1", "https://npm.jsr.io/~/11/@jsr/taisan11__unix-crypto-td-esm/1.0.1.tgz", {}, "sha512-MbFaHBQTZTGztYHNjEqorHBpAKM4idA80svFvNtCzabjjMzg5awF1GlewYgVlbq4YoV4ZpW9ynY9l3cjzsN5gg=="],

    "@types/bun": ["@types/bun@1.3.3", "", { "dependencies": { "bun-types": "1.3.3" } }, "sha512-ogrKbJ2X5N0kWLLFKeytG0eHDleBYtngtlbu9cyBKFtNL3cnpDZkNdQj8flVf6WTZUX5ulI9AY1oa7ljhSrp+g=="],

    "@types/encoding-japanese": ["@types/encoding-japanese@2.2.1", "", {}, "sha512-6jjepuTusvySxMLP7W6usamlbgf0F4sIDvm7EzYePjLHY7zWUv4yz2PLUnu0vuNVtXOTLu2cRdFcDg40J5Owsw=="],

    "@types/node": ["@types/node@20.12.14", "", { "dependencies": { "undici-types": "~5.26.4" } }, "sha512-scnD59RpYD91xngrQQLGkE+6UrHUPzeKZWhhjBSa3HSkwjbQc38+q3RoIVEwxQGRw3M+j5hpNAM+lgV3cVormg=="],

    "acorn": ["acorn@8.14.0", "", { "bin": { "acorn": "bin/acorn" } }, "sha512-cl669nCJTZBsL97OF4kUQm5g5hC2uihk0NxY3WENAC0TYdILVkAyHymAntgxGkl7K+t0cXIrH5siy5S4XkFycA=="],

    "anymatch": ["anymatch@3.1.3", "", { "dependencies": { "normalize-path": "^3.0.0", "picomatch": "^2.0.4" } }, "sha512-KMReFUr0B4t+D+OBkjR3KYqvocp2XaSzO55UcB6mgQMd3KbcE+mWTyvVV7D/zsdEbNnV6acZUutkiHQXvTr1Rw=="],

    "braces": ["braces@3.0.3", "", { "dependencies": { "fill-range": "^7.1.1" } }, "sha512-yQbXgO/OSZVD2IsiLlro+7Hf6Q18EJrKSEsdoMzKePKXct3gvD8oLcOQdIzGupr5Fj+EDe8gO/lxc1BzfMpxvA=="],

    "buffer-from": ["buffer-from@1.1.2", "", {}, "sha512-E+XQCRwSbaaiChtv6k6Dwgc+bx+Bs6vuKJHHl5kox/BaKbhiXzqQOwK4cO22yElGp2OCmjwVhT3HmxgyPGnJfQ=="],

    "bun-types": ["bun-types@1.3.3", "", { "dependencies": { "@types/node": "*" } }, "sha512-z3Xwlg7j2l9JY27x5Qn3Wlyos8YAp0kKRlrePAOjgjMGS5IG6E7Jnlx736vH9UVI4wUICwwhC9anYL++XeOgTQ=="],

    "chokidar": ["chokidar@4.0.3", "", { "dependencies": { "readdirp": "^4.0.1" } }, "sha512-Qgzu8kfBvo+cA4962jnP1KkS6Dop5NS6g7R5LFYJr4b8Ub94PPQXUksCw9PvXoeXPRRddRNC5C1JQUR2SMGtnA=="],

    "citty": ["citty@0.1.6", "", { "dependencies": { "consola": "^3.2.3" } }, "sha512-tskPPKEs8D2KPafUypv2gxwJP8h/OaJmC82QQGGDQcHvXX43xF2VDACcJVmZ0EuSxkpO9Kc4MlrA3q0+FG58AQ=="],

    "clipboardy": ["clipboardy@4.0.0", "", { "dependencies": { "execa": "^8.0.1", "is-wsl": "^3.1.0", "is64bit": "^2.0.0" } }, "sha512-5mOlNS0mhX0707P2I0aZ2V/cmHUEO/fL7VFLqszkhUsxt7RwnmrInf/eEQKlf5GzvYeHIjT+Ov1HRfNmymlG0w=="],

    "confbox": ["confbox@0.1.8", "", {}, "sha512-RMtmw0iFkeR4YV+fUOSucriAQNb9g8zFR52MWCtl+cCZOFRNL6zeB395vPzFhEjjn4fMxXudmELnl/KF/WrK6w=="],

    "consola": ["consola@3.2.3", "", {}, "sha512-I5qxpzLv+sJhTVEoLYNcTW+bThDCPsit0vLNKShZx6rLtpilNpmmeTPaeqJb9ZE9dV3DGaeby6Vuhrw38WjeyQ=="],

    "cookie-es": ["cookie-es@1.2.2", "", {}, "sha512-+W7VmiVINB+ywl1HGXJXmrqkOhpKrIiVZV6tQuV54ZyQC7MMuBt81Vc336GMLoHBq5hV/F9eXgt5Mnx0Rha5Fg=="],

    "cross-spawn": ["cross-spawn@7.0.6", "", { "dependencies": { "path-key": "^3.1.0", "shebang-command": "^2.0.0", "which": "^2.0.1" } }, "sha512-uV2QOWP2nWzsy2aMp8aRibhi9dlzF5Hgh5SHaB9OiTGEyDTiJJyx0uy51QXdyWbtAHNua4XJzUKca3OzKUd3vA=="],

    "crossws": ["crossws@0.3.1", "", { "dependencies": { "uncrypto": "^0.1.3" } }, "sha512-HsZgeVYaG+b5zA+9PbIPGq4+J/CJynJuearykPsXx4V/eMhyQ5EDVg3Ak2FBZtVXCiOLu/U7IiwDHTr9MA+IKw=="],

    "debug": ["debug@4.3.7", "", { "dependencies": { "ms": "^2.1.3" } }, "sha512-Er2nc/H7RrMXZBFCEim6TCmMk02Z8vLC2Rbi1KEBggpo0fS6l0S1nnapwmIi3yW/+GOJap1Krg4w0Hg80oCqgQ=="],

    "defu": ["defu@6.1.4", "", {}, "sha512-mEQCMmwJu317oSz8CwdIOdwf3xMif1ttiM8LTufzc3g6kR+9Pe236twL8j3IYT1F7GfRgGcW6MWxzZjLIkuHIg=="],

    "destr": ["destr@2.0.5", "", {}, "sha512-ugFTXCtDZunbzasqBxrK93Ik/DRYsO6S/fedkWEMKqt04xZ4csmnmwGDBAb07QWNaGMAmnTIemsYZCksjATwsA=="],

    "detect-libc": ["detect-libc@1.0.3", "", { "bin": { "detect-libc": "./bin/detect-libc.js" } }, "sha512-pGjwhsmsp4kL2RTz08wcOlGN83otlqHeD/Z5T8GXZB+/YcpQ/dgo+lbU8ZsGxV0HIvqqxo9l7mqYwyYMD9bKDg=="],

    "drizzle-kit": ["drizzle-kit@0.31.7", "", { "dependencies": { "@drizzle-team/brocli": "^0.10.2", "@esbuild-kit/esm-loader": "^2.5.5", "esbuild": "^0.25.4", "esbuild-register": "^3.5.0" }, "bin": { "drizzle-kit": "bin.cjs" } }, "sha512-hOzRGSdyKIU4FcTSFYGKdXEjFsncVwHZ43gY3WU5Bz9j5Iadp6Rh6hxLSQ1IWXpKLBKt/d5y1cpSPcV+FcoQ1A=="],

    "drizzle-orm": ["drizzle-orm@0.44.7", "", { "peerDependencies": { "@aws-sdk/client-rds-data": ">=3", "@cloudflare/workers-types": ">=4", "@electric-sql/pglite": ">=0.2.0", "@libsql/client": ">=0.10.0", "@libsql/client-wasm": ">=0.10.0", "@neondatabase/serverless": ">=0.10.0", "@op-engineering/op-sqlite": ">=2", "@opentelemetry/api": "^1.4.1", "@planetscale/database": ">=1.13", "@prisma/client": "*", "@tidbcloud/serverless": "*", "@types/better-sqlite3": "*", "@types/pg": "*", "@types/sql.js": "*", "@upstash/redis": ">=1.34.7", "@vercel/postgres": ">=0.8.0", "@xata.io/client": "*", "better-sqlite3": ">=7", "bun-types": "*", "expo-sqlite": ">=14.0.0", "gel": ">=2", "knex": "*", "kysely": "*", "mysql2": ">=2", "pg": ">=8", "postgres": ">=3", "sql.js": ">=1", "sqlite3": ">=5" }, "optionalPeers": ["@aws-sdk/client-rds-data", "@cloudflare/workers-types", "@electric-sql/pglite", "@libsql/client", "@libsql/client-wasm", "@neondatabase/serverless", "@op-engineering/op-sqlite", "@opentelemetry/api", "@planetscale/database", "@prisma/client", "@tidbcloud/serverless", "@types/better-sqlite3", "@types/pg", "@types/sql.js", "@upstash/redis", "@vercel/postgres", "@xata.io/client", "better-sqlite3", "bun-types", "expo-sqlite", "gel", "knex", "kysely", "mysql2", "pg", "postgres", "sql.js", "sqlite3"] }, "sha512-quIpnYznjU9lHshEOAYLoZ9s3jweleHlZIAWR/jX9gAWNg/JhQ1wj0KGRf7/Zm+obRrYd9GjPVJg790QY9N5AQ=="],

    "encoding-japanese": ["encoding-japanese@2.2.0", "", {}, "sha512-EuJWwlHPZ1LbADuKTClvHtwbaFn4rOD+dRAbWysqEOXRc2Uui0hJInNJrsdH0c+OhJA4nrCBdSkW4DD5YxAo6A=="],

    "esbuild": ["esbuild@0.25.6", "", { "optionalDependencies": { "@esbuild/aix-ppc64": "0.25.6", "@esbuild/android-arm": "0.25.6", "@esbuild/android-arm64": "0.25.6", "@esbuild/android-x64": "0.25.6", "@esbuild/darwin-arm64": "0.25.6", "@esbuild/darwin-x64": "0.25.6", "@esbuild/freebsd-arm64": "0.25.6", "@esbuild/freebsd-x64": "0.25.6", "@esbuild/linux-arm": "0.25.6", "@esbuild/linux-arm64": "0.25.6", "@esbuild/linux-ia32": "0.25.6", "@esbuild/linux-loong64": "0.25.6", "@esbuild/linux-mips64el": "0.25.6", "@esbuild/linux-ppc64": "0.25.6", "@esbuild/linux-riscv64": "0.25.6", "@esbuild/linux-s390x": "0.25.6", "@esbuild/linux-x64": "0.25.6", "@esbuild/netbsd-arm64": "0.25.6", "@esbuild/netbsd-x64": "0.25.6", "@esbuild/openbsd-arm64": "0.25.6", "@esbuild/openbsd-x64": "0.25.6", "@esbuild/openharmony-arm64": "0.25.6", "@esbuild/sunos-x64": "0.25.6", "@esbuild/win32-arm64": "0.25.6", "@esbuild/win32-ia32": "0.25.6", "@esbuild/win32-x64": "0.25.6" }, "bin": { "esbuild": "bin/esbuild" } }, "sha512-GVuzuUwtdsghE3ocJ9Bs8PNoF13HNQ5TXbEi2AhvVb8xU1Iwt9Fos9FEamfoee+u/TOsn7GUWc04lz46n2bbTg=="],

    "esbuild-register": ["esbuild-register@3.6.0", "", { "dependencies": { "debug": "^4.3.4" }, "peerDependencies": { "esbuild": ">=0.12 <1" } }, "sha512-H2/S7Pm8a9CL1uhp9OvjwrBh5Pvx0H8qVOxNu8Wed9Y7qv56MPtq+GGM8RJpq6glYJn9Wspr8uw7l55uyinNeg=="],

    "execa": ["execa@8.0.1", "", { "dependencies": { "cross-spawn": "^7.0.3", "get-stream": "^8.0.1", "human-signals": "^5.0.0", "is-stream": "^3.0.0", "merge-stream": "^2.0.0", "npm-run-path": "^5.1.0", "onetime": "^6.0.0", "signal-exit": "^4.1.0", "strip-final-newline": "^3.0.0" } }, "sha512-VyhnebXciFV2DESc+p6B+y0LjSm0krU4OgJN44qFAhBY0TJ+1V61tYD2+wHusZ6F9n5K+vl8k0sTy7PEfV4qpg=="],

    "fill-range": ["fill-range@7.1.1", "", { "dependencies": { "to-regex-range": "^5.0.1" } }, "sha512-YsGpe3WHLK8ZYi4tWDg2Jy3ebRz2rXowDxnld4bkQB00cc/1Zw9AWnC0i9ztDJitivtQvaI9KaLyKrc+hBW0yg=="],

    "get-port-please": ["get-port-please@3.1.2", "", {}, "sha512-Gxc29eLs1fbn6LQ4jSU4vXjlwyZhF5HsGuMAa7gqBP4Rw4yxxltyDUuF5MBclFzDTXO+ACchGQoeela4DSfzdQ=="],

    "get-stream": ["get-stream@8.0.1", "", {}, "sha512-VaUJspBffn/LMCJVoMvSAdmscJyS1auj5Zulnn5UoYcY531UWmdwhRWkcGKnGU93m5HSXP9LP2usOryrBtQowA=="],

    "get-tsconfig": ["get-tsconfig@4.8.1", "", { "dependencies": { "resolve-pkg-maps": "^1.0.0" } }, "sha512-k9PN+cFBmaLWtVz29SkUoqU5O0slLuHJXt/2P+tMVFT+phsSGXGkp9t3rQIqdz0e+06EHNGs3oM6ZX1s2zHxRg=="],

    "h3": ["h3@1.13.0", "", { "dependencies": { "cookie-es": "^1.2.2", "crossws": ">=0.2.0 <0.4.0", "defu": "^6.1.4", "destr": "^2.0.3", "iron-webcrypto": "^1.2.1", "ohash": "^1.1.4", "radix3": "^1.1.2", "ufo": "^1.5.4", "uncrypto": "^0.1.3", "unenv": "^1.10.0" } }, "sha512-vFEAu/yf8UMUcB4s43OaDaigcqpQd14yanmOsn+NcRX3/guSKncyE2rOYhq8RIchgJrPSs/QiIddnTTR1ddiAg=="],

    "hono": ["hono@4.10.6", "", {}, "sha512-BIdolzGpDO9MQ4nu3AUuDwHZZ+KViNm+EZ75Ae55eMXMqLVhDFqEMXxtUe9Qh8hjL+pIna/frs2j6Y2yD5Ua/g=="],

    "http-shutdown": ["http-shutdown@1.2.2", "", {}, "sha512-S9wWkJ/VSY9/k4qcjG318bqJNruzE4HySUhFYknwmu6LBP97KLLfwNf+n4V1BHurvFNkSKLFnK/RsuUnRTf9Vw=="],

    "human-signals": ["human-signals@5.0.0", "", {}, "sha512-AXcZb6vzzrFAUE61HnN4mpLqd/cSIwNQjtNWR0euPm6y0iqx3G4gOXaIDdtdDwZmhwe82LA6+zinmW4UBWVePQ=="],

    "iconv-cp932": ["iconv-cp932@1.2.2", "", {}, "sha512-vUP4Ke0Xy3bInEjSsKtKq51KeXK7nglt9uvRVYhJrlUBlMKa2R1EBDE88HFXzm8Wp5J1w83psrISj0f+QMEt4g=="],

    "iron-webcrypto": ["iron-webcrypto@1.2.1", "", {}, "sha512-feOM6FaSr6rEABp/eDfVseKyTMDt+KGpeB35SkVn9Tyn0CqvVsY3EwI0v5i8nMHyJnzCIQf7nsy3p41TPkJZhg=="],

    "is-docker": ["is-docker@3.0.0", "", { "bin": { "is-docker": "cli.js" } }, "sha512-eljcgEDlEns/7AXFosB5K/2nCM4P7FQPkGc/DWLy5rmFEWvZayGrik1d9/QIY5nJ4f9YsVvBkA6kJpHn9rISdQ=="],

    "is-extglob": ["is-extglob@2.1.1", "", {}, "sha512-SbKbANkN603Vi4jEZv49LeVJMn4yGwsbzZworEoyEiutsN3nJYdbO36zfhGJ6QEDpOZIFkDtnq5JRxmvl3jsoQ=="],

    "is-glob": ["is-glob@4.0.3", "", { "dependencies": { "is-extglob": "^2.1.1" } }, "sha512-xelSayHH36ZgE7ZWhli7pW34hNbNl8Ojv5KVmkJD4hBdD3th8Tfk9vYasLM+mXWOZhFkgZfxhLSnrwRr4elSSg=="],

    "is-inside-container": ["is-inside-container@1.0.0", "", { "dependencies": { "is-docker": "^3.0.0" }, "bin": { "is-inside-container": "cli.js" } }, "sha512-KIYLCCJghfHZxqjYBE7rEy0OBuTd5xCHS7tHVgvCLkx7StIoaxwNW3hCALgEUjFfeRk+MG/Qxmp/vtETEF3tRA=="],

    "is-number": ["is-number@7.0.0", "", {}, "sha512-41Cifkg6e8TylSpdtTpeLVMqvSBEVzTttHvERD741+pnZ8ANv0004MRL43QKPDlK9cGvNp6NZWZUBlbGXYxxng=="],

    "is-stream": ["is-stream@3.0.0", "", {}, "sha512-LnQR4bZ9IADDRSkvpqMGvt/tEJWclzklNgSw48V5EAaAeDd6qGvN8ei6k5p0tvxSR171VmGyHuTiAOfxAbr8kA=="],

    "is-wsl": ["is-wsl@3.1.0", "", { "dependencies": { "is-inside-container": "^1.0.0" } }, "sha512-UcVfVfaK4Sc4m7X3dUSoHoozQGBEFeDC+zVo06t98xe8CzHSZZBekNXH+tu0NalHolcJ/QAGqS46Hef7QXBIMw=="],

    "is64bit": ["is64bit@2.0.0", "", { "dependencies": { "system-architecture": "^0.1.0" } }, "sha512-jv+8jaWCl0g2lSBkNSVXdzfBA0npK1HGC2KtWM9FumFRoGS94g3NbCCLVnCYHLjp4GrW2KZeeSTMo5ddtznmGw=="],

    "isexe": ["isexe@2.0.0", "", {}, "sha512-RHxMLp9lnKHGHRng9QFhRCMbYAcVpn69smSGcq3f36xjgVVWThj4qqLbTLlq7Ssj8B+fIQ1EuCEGI2lKsyQeIw=="],

    "jiti": ["jiti@2.4.2", "", { "bin": { "jiti": "lib/jiti-cli.mjs" } }, "sha512-rg9zJN+G4n2nfJl5MW3BMygZX56zKPNVEYYqq7adpmMh4Jn2QNEwhvQlFy6jPVdcod7txZtKHWnyZiA3a0zP7A=="],

    "listhen": ["listhen@1.9.0", "", { "dependencies": { "@parcel/watcher": "^2.4.1", "@parcel/watcher-wasm": "^2.4.1", "citty": "^0.1.6", "clipboardy": "^4.0.0", "consola": "^3.2.3", "crossws": ">=0.2.0 <0.4.0", "defu": "^6.1.4", "get-port-please": "^3.1.2", "h3": "^1.12.0", "http-shutdown": "^1.2.2", "jiti": "^2.1.2", "mlly": "^1.7.1", "node-forge": "^1.3.1", "pathe": "^1.1.2", "std-env": "^3.7.0", "ufo": "^1.5.4", "untun": "^0.1.3", "uqr": "^0.1.2" }, "bin": { "listen": "bin/listhen.mjs", "listhen": "bin/listhen.mjs" } }, "sha512-I8oW2+QL5KJo8zXNWX046M134WchxsXC7SawLPvRQpogCbkyQIaFxPE89A2HiwR7vAK2Dm2ERBAmyjTYGYEpBg=="],

    "lru-cache": ["lru-cache@10.4.3", "", {}, "sha512-JNAzZcXrCt42VGLuYz0zfAzDfAvJWW6AfYlDBQyDV5DClI2m5sAmK+OIO7s59XfsRsWHp02jAJrRadPRGTt6SQ=="],

    "merge-stream": ["merge-stream@2.0.0", "", {}, "sha512-abv/qOcuPfk3URPfDzmZU1LKmuw8kT+0nIHvKrKgFrwifol/doWcdA4ZqsWQ8ENrFKkd67Mfpo/LovbIUsbt3w=="],

    "micromatch": ["micromatch@4.0.8", "", { "dependencies": { "braces": "^3.0.3", "picomatch": "^2.3.1" } }, "sha512-PXwfBhYu0hBCPw8Dn0E+WDYb7af3dSLVWKi3HGv84IdF4TyFoC0ysxFd0Goxw7nSv4T/PzEJQxsYsEiFCKo2BA=="],

    "mime": ["mime@3.0.0", "", { "bin": { "mime": "cli.js" } }, "sha512-jSCU7/VB1loIWBZe14aEYHU/+1UMEHoaO7qxCOVJOw9GgH72VAWppxNcjU+x9a2k3GSIBXNKxXQFqRvvZ7vr3A=="],

    "mimic-fn": ["mimic-fn@4.0.0", "", {}, "sha512-vqiC06CuhBTUdZH+RYl8sFrL096vA45Ok5ISO6sE/Mr1jRbGH4Csnhi8f3wKVl7x8mO4Au7Ir9D3Oyv1VYMFJw=="],

    "mlly": ["mlly@1.7.4", "", { "dependencies": { "acorn": "^8.14.0", "pathe": "^2.0.1", "pkg-types": "^1.3.0", "ufo": "^1.5.4" } }, "sha512-qmdSIPC4bDJXgZTCR7XosJiNKySV7O215tsPtDN9iEO/7q/76b/ijtgRu/+epFXSJhijtTCCGp3DWS549P3xKw=="],

    "ms": ["ms@2.1.3", "", {}, "sha512-6FlzubTLZG3J2a/NVCAleEhjzq5oxgHyaCU9yYXvcLsvoVaHJq/s5xXI6/XXP6tz7R9xAOtHnSO/tXtF3WRTlA=="],

    "node-addon-api": ["node-addon-api@7.1.1", "", {}, "sha512-5m3bsyrjFWE1xf7nz7YXdN4udnVtXK6/Yfgn5qnahL6bCkf2yKt4k3nuTKAtT4r3IG8JNR2ncsIMdZuAzJjHQQ=="],

    "node-fetch-native": ["node-fetch-native@1.6.4", "", {}, "sha512-IhOigYzAKHd244OC0JIMIUrjzctirCmPkaIfhDeGcEETWof5zKYUW7e7MYvChGWh/4CJeXEgsRyGzuF334rOOQ=="],

    "node-forge": ["node-forge@1.3.1", "", {}, "sha512-dPEtOeMvF9VMcYV/1Wb8CPoVAXtp6MKMlcbAt4ddqmGqUJ6fQZFXkNZNkNlfevtNkGtaSoXf/vNNNSvgrdXwtA=="],

    "node-mock-http": ["node-mock-http@1.0.3", "", {}, "sha512-jN8dK25fsfnMrVsEhluUTPkBFY+6ybu7jSB1n+ri/vOGjJxU8J9CZhpSGkHXSkFjtUhbmoncG/YG9ta5Ludqog=="],

    "normalize-path": ["normalize-path@3.0.0", "", {}, "sha512-6eZs5Ls3WtCisHWp9S2GUy8dqkpGi4BVSz3GaqiE6ezub0512ESztXUwUB6C6IKbQkY2Pnb/mD4WYojCRwcwLA=="],

    "npm-run-path": ["npm-run-path@5.3.0", "", { "dependencies": { "path-key": "^4.0.0" } }, "sha512-ppwTtiJZq0O/ai0z7yfudtBpWIoxM8yE6nHi1X47eFR2EWORqfbu6CnPlNsjeN683eT0qG6H/Pyf9fCcvjnnnQ=="],

    "ofetch": ["ofetch@1.5.1", "", { "dependencies": { "destr": "^2.0.5", "node-fetch-native": "^1.6.7", "ufo": "^1.6.1" } }, "sha512-2W4oUZlVaqAPAil6FUg/difl6YhqhUR7x2eZY4bQCko22UXg3hptq9KLQdqFClV+Wu85UX7hNtdGTngi/1BxcA=="],

    "ohash": ["ohash@1.1.4", "", {}, "sha512-FlDryZAahJmEF3VR3w1KogSEdWX3WhA5GPakFx4J81kEAiHyLMpdLLElS8n8dfNadMgAne/MywcvmogzscVt4g=="],

    "onetime": ["onetime@6.0.0", "", { "dependencies": { "mimic-fn": "^4.0.0" } }, "sha512-1FlR+gjXK7X+AsAHso35MnyN5KqGwJRi/31ft6x0M194ht7S+rWAvd7PHss9xSKMzE0asv1pyIHaJYq+BbacAQ=="],

    "path-key": ["path-key@3.1.1", "", {}, "sha512-ojmeN0qd+y0jszEtoY48r0Peq5dwMEkIlCOu6Q5f41lfkswXuKtYrhgoTpLnyIcHm24Uhqx+5Tqm2InSwLhE6Q=="],

    "pathe": ["pathe@2.0.3", "", {}, "sha512-WUjGcAqP1gQacoQe+OBJsFA7Ld4DyXuUIjZ5cc75cLHvJ7dtNsTugphxIADwspS+AraAUePCKrSVtPLFj/F88w=="],

    "picomatch": ["picomatch@2.3.1", "", {}, "sha512-JU3teHTNjmE2VCGFzuY8EXzCDVwEqB2a8fsIvwaStHhAWJEeVd1o1QD80CU6+ZdEXXSLbSsuLwJjkCBWqRQUVA=="],

    "pkg-types": ["pkg-types@1.3.1", "", { "dependencies": { "confbox": "^0.1.8", "mlly": "^1.7.4", "pathe": "^2.0.1" } }, "sha512-/Jm5M4RvtBFVkKWRu2BLUTNP8/M2a+UwuAX+ae4770q1qVGtfjG+WTCupoZixokjmHiry8uI+dlY8KXYV5HVVQ=="],

    "radix3": ["radix3@1.1.2", "", {}, "sha512-b484I/7b8rDEdSDKckSSBA8knMpcdsXudlE/LNL639wFoHKwLbEkQFZHWEYwDC0wa0FKUcCY+GAF73Z7wxNVFA=="],

    "readdirp": ["readdirp@4.1.2", "", {}, "sha512-GDhwkLfywWL2s6vEjyhri+eXmfH6j1L7JE27WhqLeYzoh/A3DBaYGEj2H/HFZCn/kMfim73FXxEJTw06WtxQwg=="],

    "resolve-pkg-maps": ["resolve-pkg-maps@1.0.0", "", {}, "sha512-seS2Tj26TBVOC2NIc2rOe2y2ZO7efxITtLZcGSOnHHNOQ7CkiUBfw0Iw2ck6xkIhPwLhKNLS8BO+hEpngQlqzw=="],

    "shebang-command": ["shebang-command@2.0.0", "", { "dependencies": { "shebang-regex": "^3.0.0" } }, "sha512-kHxr2zZpYtdmrN1qDjrrX/Z1rR1kG8Dx+gkpK1G4eXmvXswmcE1hTWBWYUzlraYw1/yZp6YuDY77YtvbN0dmDA=="],

    "shebang-regex": ["shebang-regex@3.0.0", "", {}, "sha512-7++dFhtcx3353uBaq8DDR4NuxBetBzC7ZQOhmTQInHEd6bSrXdiEyzCvG07Z44UYdLShWUyXt5M/yhz8ekcb1A=="],

    "signal-exit": ["signal-exit@4.1.0", "", {}, "sha512-bzyZ1e88w9O1iNJbKnOlvYTrWPDl46O1bG0D3XInv+9tkPrxrN8jUUTiFlDkkmKWgn1M6CfIA13SuGqOa9Korw=="],

    "source-map": ["source-map@0.6.1", "", {}, "sha512-UjgapumWlbMhkBgzT7Ykc5YXUT46F0iKu8SGXq0bcwP5dz/h0Plj6enJqjz1Zbq2l5WaqYnrVbwWOWMyF3F47g=="],

    "source-map-support": ["source-map-support@0.5.21", "", { "dependencies": { "buffer-from": "^1.0.0", "source-map": "^0.6.0" } }, "sha512-uBHU3L3czsIyYXKX88fdrGovxdSCoTGDRZ6SYXtSRxLZUzHg5P/66Ht6uoUlHu9EZod+inXhKo3qQgwXUT/y1w=="],

    "std-env": ["std-env@3.10.0", "", {}, "sha512-5GS12FdOZNliM5mAOxFRg7Ir0pWz8MdpYm6AY6VPkGpbA7ZzmbzNcBJQ0GPvvyWgcY7QAhCgf9Uy89I03faLkg=="],

    "strip-final-newline": ["strip-final-newline@3.0.0", "", {}, "sha512-dOESqjYr96iWYylGObzd39EuNTa5VJxyvVAEm5Jnh7KGo75V43Hk1odPQkNDyXNmUR6k+gEiDVXnjB8HJ3crXw=="],

    "system-architecture": ["system-architecture@0.1.0", "", {}, "sha512-ulAk51I9UVUyJgxlv9M6lFot2WP3e7t8Kz9+IS6D4rVba1tR9kON+Ey69f+1R4Q8cd45Lod6a4IcJIxnzGc/zA=="],

    "to-regex-range": ["to-regex-range@5.0.1", "", { "dependencies": { "is-number": "^7.0.0" } }, "sha512-65P7iz6X5yEr1cwcgvQxbbIw7Uk3gOy5dIdtZ4rDveLqhrdJP+Li/Hx6tyK0NEb+2GCyneCMJiGqrADCSNk8sQ=="],

    "ufo": ["ufo@1.5.4", "", {}, "sha512-UsUk3byDzKd04EyoZ7U4DOlxQaD14JUKQl6/P7wiX4FNvUfm3XL246n9W5AmqwW5RSFJ27NAuM0iLscAOYUiGQ=="],

    "uncrypto": ["uncrypto@0.1.3", "", {}, "sha512-Ql87qFHB3s/De2ClA9e0gsnS6zXG27SkTiSJwjCc9MebbfapQfuPzumMIUMi38ezPZVNFcHI9sUIepeQfw8J8Q=="],

    "undici-types": ["undici-types@5.26.5", "", {}, "sha512-JlCMO+ehdEIKqlFxk6IfVoAUVmgz7cU7zD/h9XZ0qzeosSHmUJVOzSQvvYSYWXkFXC+IfLKSIffhv0sVZup6pA=="],

    "unenv": ["unenv@1.10.0", "", { "dependencies": { "consola": "^3.2.3", "defu": "^6.1.4", "mime": "^3.0.0", "node-fetch-native": "^1.6.4", "pathe": "^1.1.2" } }, "sha512-wY5bskBQFL9n3Eca5XnhH6KbUo/tfvkwm9OpcdCvLaeA7piBNbavbOKJySEwQ1V0RH6HvNlSAFRTpvTqgKRQXQ=="],

    "unstorage": ["unstorage@1.17.3", "", { "dependencies": { "anymatch": "^3.1.3", "chokidar": "^4.0.3", "destr": "^2.0.5", "h3": "^1.15.4", "lru-cache": "^10.4.3", "node-fetch-native": "^1.6.7", "ofetch": "^1.5.1", "ufo": "^1.6.1" }, "peerDependencies": { "@azure/app-configuration": "^1.8.0", "@azure/cosmos": "^4.2.0", "@azure/data-tables": "^13.3.0", "@azure/identity": "^4.6.0", "@azure/keyvault-secrets": "^4.9.0", "@azure/storage-blob": "^12.26.0", "@capacitor/preferences": "^6.0.3 || ^7.0.0", "@deno/kv": ">=0.9.0", "@netlify/blobs": "^6.5.0 || ^7.0.0 || ^8.1.0 || ^9.0.0 || ^10.0.0", "@planetscale/database": "^1.19.0", "@upstash/redis": "^1.34.3", "@vercel/blob": ">=0.27.1", "@vercel/functions": "^2.2.12 || ^3.0.0", "@vercel/kv": "^1.0.1", "aws4fetch": "^1.0.20", "db0": ">=0.2.1", "idb-keyval": "^6.2.1", "ioredis": "^5.4.2", "uploadthing": "^7.4.4" }, "optionalPeers": ["@azure/app-configuration", "@azure/cosmos", "@azure/data-tables", "@azure/identity", "@azure/keyvault-secrets", "@azure/storage-blob", "@capacitor/preferences", "@deno/kv", "@netlify/blobs", "@planetscale/database", "@upstash/redis", "@vercel/blob", "@vercel/functions", "@vercel/kv", "aws4fetch", "db0", "idb-keyval", "ioredis", "uploadthing"] }, "sha512-i+JYyy0DoKmQ3FximTHbGadmIYb8JEpq7lxUjnjeB702bCPum0vzo6oy5Mfu0lpqISw7hCyMW2yj4nWC8bqJ3Q=="],

    "untun": ["untun@0.1.3", "", { "dependencies": { "citty": "^0.1.5", "consola": "^3.2.3", "pathe": "^1.1.1" }, "bin": { "untun": "bin/untun.mjs" } }, "sha512-4luGP9LMYszMRZwsvyUd9MrxgEGZdZuZgpVQHEEX0lCYFESasVRvZd0EYpCkOIbJKHMuv0LskpXc/8Un+MJzEQ=="],

    "uqr": ["uqr@0.1.2", "", {}, "sha512-MJu7ypHq6QasgF5YRTjqscSzQp/W11zoUk6kvmlH+fmWEs63Y0Eib13hYFwAzagRJcVY8WVnlV+eBDUGMJ5IbA=="],

    "valibot": ["valibot@1.1.0", "", { "peerDependencies": { "typescript": ">=5" }, "optionalPeers": ["typescript"] }, "sha512-Nk8lX30Qhu+9txPYTwM0cFlWLdPFsFr6LblzqIySfbZph9+BFsAHsNvHOymEviUepeIW6KFHzpX8TKhbptBXXw=="],

    "which": ["which@2.0.2", "", { "dependencies": { "isexe": "^2.0.0" }, "bin": { "node-which": "./bin/node-which" } }, "sha512-BLI3Tl1TW3Pvl70l3yq3Y64i+awpwXqsGBYWkkqMtnbXgrMD+yj7rhW0kuEDxzJaYXGjEW5ogapKNMEKNMjibA=="],

    "@esbuild-kit/core-utils/esbuild": ["esbuild@0.18.20", "", { "optionalDependencies": { "@esbuild/android-arm": "0.18.20", "@esbuild/android-arm64": "0.18.20", "@esbuild/android-x64": "0.18.20", "@esbuild/darwin-arm64": "0.18.20", "@esbuild/darwin-x64": "0.18.20", "@esbuild/freebsd-arm64": "0.18.20", "@esbuild/freebsd-x64": "0.18.20", "@esbuild/linux-arm": "0.18.20", "@esbuild/linux-arm64": "0.18.20", "@esbuild/linux-ia32": "0.18.20", "@esbuild/linux-loong64": "0.18.20", "@esbuild/linux-mips64el": "0.18.20", "@esbuild/linux-ppc64": "0.18.20", "@esbuild/linux-riscv64": "0.18.20", "@esbuild/linux-s390x": "0.18.20", "@esbuild/linux-x64": "0.18.20", "@esbuild/netbsd-x64": "0.18.20", "@esbuild/openbsd-x64": "0.18.20", "@esbuild/sunos-x64": "0.18.20", "@esbuild/win32-arm64": "0.18.20", "@esbuild/win32-ia32": "0.18.20", "@esbuild/win32-x64": "0.18.20" }, "bin": { "esbuild": "bin/esbuild" } }, "sha512-ceqxoedUrcayh7Y7ZX6NdbbDzGROiyVBgC4PriJThBKSVPWnnFHZAkfI1lJT8QFkOwH4qOS2SJkS4wvpGl8BpA=="],

    "@parcel/watcher-wasm/napi-wasm": ["napi-wasm@1.1.3", "", { "bundled": true }, "sha512-h/4nMGsHjZDCYmQVNODIrYACVJ+I9KItbG+0si6W/jSjdA9JbWDoU4LLeMXVcEQGHjttI2tuXqDrbGF7qkUHHg=="],

    "h3/destr": ["destr@2.0.3", "", {}, "sha512-2N3BOUU4gYMpTP24s5rF5iP7BDr7uNTCs4ozw3kf/eKfvWSIu93GEBi5m427YoyJoeOzQ5smuu4nNAPGb8idSQ=="],

    "listhen/pathe": ["pathe@1.1.2", "", {}, "sha512-whLdWMYL2TwI08hn8/ZqAbrVemu0LNaNNJZX73O6qaIdCTfXutsLhMkjdENX0qhsQ9uIimo4/aQOmXkoon2nDQ=="],

    "listhen/std-env": ["std-env@3.8.0", "", {}, "sha512-Bc3YwwCB+OzldMxOXJIIvC6cPRWr/LxOp48CdQTOkPyk/t4JWWJbrilwBd7RJzKV8QW7tJkcgAmeuLLJugl5/w=="],

    "npm-run-path/path-key": ["path-key@4.0.0", "", {}, "sha512-haREypq7xkM7ErfgIyA0z+Bj4AGKlMSdlQE2jvJo6huWD1EdkKYV+G/T4nq0YEF2vgTT8kqMFKo1uHn950r4SQ=="],

    "ofetch/node-fetch-native": ["node-fetch-native@1.6.7", "", {}, "sha512-g9yhqoedzIUm0nTnTqAQvueMPVOuIY16bqgAJJC8XOOubYFNwz6IER9qs0Gq2Xd0+CecCKFjtdDTMA4u4xG06Q=="],

    "ofetch/ufo": ["ufo@1.6.1", "", {}, "sha512-9a4/uxlTWJ4+a5i0ooc1rU7C7YOw3wT+UGqdeNNHWnOF9qcMBgLRS+4IYUqbczewFx4mLEig6gawh7X6mFlEkA=="],

    "unenv/pathe": ["pathe@1.1.2", "", {}, "sha512-whLdWMYL2TwI08hn8/ZqAbrVemu0LNaNNJZX73O6qaIdCTfXutsLhMkjdENX0qhsQ9uIimo4/aQOmXkoon2nDQ=="],

    "unstorage/h3": ["h3@1.15.4", "", { "dependencies": { "cookie-es": "^1.2.2", "crossws": "^0.3.5", "defu": "^6.1.4", "destr": "^2.0.5", "iron-webcrypto": "^1.2.1", "node-mock-http": "^1.0.2", "radix3": "^1.1.2", "ufo": "^1.6.1", "uncrypto": "^0.1.3" } }, "sha512-z5cFQWDffyOe4vQ9xIqNfCZdV4p//vy6fBnr8Q1AWnVZ0teurKMG66rLj++TKwKPUP3u7iMUvrvKaEUiQw2QWQ=="],

    "unstorage/node-fetch-native": ["node-fetch-native@1.6.7", "", {}, "sha512-g9yhqoedzIUm0nTnTqAQvueMPVOuIY16bqgAJJC8XOOubYFNwz6IER9qs0Gq2Xd0+CecCKFjtdDTMA4u4xG06Q=="],

    "unstorage/ufo": ["ufo@1.6.1", "", {}, "sha512-9a4/uxlTWJ4+a5i0ooc1rU7C7YOw3wT+UGqdeNNHWnOF9qcMBgLRS+4IYUqbczewFx4mLEig6gawh7X6mFlEkA=="],

    "untun/pathe": ["pathe@1.1.2", "", {}, "sha512-whLdWMYL2TwI08hn8/ZqAbrVemu0LNaNNJZX73O6qaIdCTfXutsLhMkjdENX0qhsQ9uIimo4/aQOmXkoon2nDQ=="],

    "@esbuild-kit/core-utils/esbuild/@esbuild/android-arm": ["@esbuild/android-arm@0.18.20", "", { "os": "android", "cpu": "arm" }, "sha512-fyi7TDI/ijKKNZTUJAQqiG5T7YjJXgnzkURqmGj13C6dCqckZBLdl4h7bkhHt/t0WP+zO9/zwroDvANaOqO5Sw=="],

    "@esbuild-kit/core-utils/esbuild/@esbuild/android-arm64": ["@esbuild/android-arm64@0.18.20", "", { "os": "android", "cpu": "arm64" }, "sha512-Nz4rJcchGDtENV0eMKUNa6L12zz2zBDXuhj/Vjh18zGqB44Bi7MBMSXjgunJgjRhCmKOjnPuZp4Mb6OKqtMHLQ=="],

    "@esbuild-kit/core-utils/esbuild/@esbuild/android-x64": ["@esbuild/android-x64@0.18.20", "", { "os": "android", "cpu": "x64" }, "sha512-8GDdlePJA8D6zlZYJV/jnrRAi6rOiNaCC/JclcXpB+KIuvfBN4owLtgzY2bsxnx666XjJx2kDPUmnTtR8qKQUg=="],

    "@esbuild-kit/core-utils/esbuild/@esbuild/darwin-arm64": ["@esbuild/darwin-arm64@0.18.20", "", { "os": "darwin", "cpu": "arm64" }, "sha512-bxRHW5kHU38zS2lPTPOyuyTm+S+eobPUnTNkdJEfAddYgEcll4xkT8DB9d2008DtTbl7uJag2HuE5NZAZgnNEA=="],

    "@esbuild-kit/core-utils/esbuild/@esbuild/darwin-x64": ["@esbuild/darwin-x64@0.18.20", "", { "os": "darwin", "cpu": "x64" }, "sha512-pc5gxlMDxzm513qPGbCbDukOdsGtKhfxD1zJKXjCCcU7ju50O7MeAZ8c4krSJcOIJGFR+qx21yMMVYwiQvyTyQ=="],

    "@esbuild-kit/core-utils/esbuild/@esbuild/freebsd-arm64": ["@esbuild/freebsd-arm64@0.18.20", "", { "os": "freebsd", "cpu": "arm64" }, "sha512-yqDQHy4QHevpMAaxhhIwYPMv1NECwOvIpGCZkECn8w2WFHXjEwrBn3CeNIYsibZ/iZEUemj++M26W3cNR5h+Tw=="],

    "@esbuild-kit/core-utils/esbuild/@esbuild/freebsd-x64": ["@esbuild/freebsd-x64@0.18.20", "", { "os": "freebsd", "cpu": "x64" }, "sha512-tgWRPPuQsd3RmBZwarGVHZQvtzfEBOreNuxEMKFcd5DaDn2PbBxfwLcj4+aenoh7ctXcbXmOQIn8HI6mCSw5MQ=="],

    "@esbuild-kit/core-utils/esbuild/@esbuild/linux-arm": ["@esbuild/linux-arm@0.18.20", "", { "os": "linux", "cpu": "arm" }, "sha512-/5bHkMWnq1EgKr1V+Ybz3s1hWXok7mDFUMQ4cG10AfW3wL02PSZi5kFpYKrptDsgb2WAJIvRcDm+qIvXf/apvg=="],

    "@esbuild-kit/core-utils/esbuild/@esbuild/linux-arm64": ["@esbuild/linux-arm64@0.18.20", "", { "os": "linux", "cpu": "arm64" }, "sha512-2YbscF+UL7SQAVIpnWvYwM+3LskyDmPhe31pE7/aoTMFKKzIc9lLbyGUpmmb8a8AixOL61sQ/mFh3jEjHYFvdA=="],

    "@esbuild-kit/core-utils/esbuild/@esbuild/linux-ia32": ["@esbuild/linux-ia32@0.18.20", "", { "os": "linux", "cpu": "ia32" }, "sha512-P4etWwq6IsReT0E1KHU40bOnzMHoH73aXp96Fs8TIT6z9Hu8G6+0SHSw9i2isWrD2nbx2qo5yUqACgdfVGx7TA=="],

    "@esbuild-kit/core-utils/esbuild/@esbuild/linux-loong64": ["@esbuild/linux-loong64@0.18.20", "", { "os": "linux", "cpu": "none" }, "sha512-nXW8nqBTrOpDLPgPY9uV+/1DjxoQ7DoB2N8eocyq8I9XuqJ7BiAMDMf9n1xZM9TgW0J8zrquIb/A7s3BJv7rjg=="],

    "@esbuild-kit/core-utils/esbuild/@esbuild/linux-mips64el": ["@esbuild/linux-mips64el@0.18.20", "", { "os": "linux", "cpu": "none" }, "sha512-d5NeaXZcHp8PzYy5VnXV3VSd2D328Zb+9dEq5HE6bw6+N86JVPExrA6O68OPwobntbNJ0pzCpUFZTo3w0GyetQ=="],

    "@esbuild-kit/core-utils/esbuild/@esbuild/linux-ppc64": ["@esbuild/linux-ppc64@0.18.20", "", { "os": "linux", "cpu": "ppc64" }, "sha512-WHPyeScRNcmANnLQkq6AfyXRFr5D6N2sKgkFo2FqguP44Nw2eyDlbTdZwd9GYk98DZG9QItIiTlFLHJHjxP3FA=="],

    "@esbuild-kit/core-utils/esbuild/@esbuild/linux-riscv64": ["@esbuild/linux-riscv64@0.18.20", "", { "os": "linux", "cpu": "none" }, "sha512-WSxo6h5ecI5XH34KC7w5veNnKkju3zBRLEQNY7mv5mtBmrP/MjNBCAlsM2u5hDBlS3NGcTQpoBvRzqBcRtpq1A=="],

    "@esbuild-kit/core-utils/esbuild/@esbuild/linux-s390x": ["@esbuild/linux-s390x@0.18.20", "", { "os": "linux", "cpu": "s390x" }, "sha512-+8231GMs3mAEth6Ja1iK0a1sQ3ohfcpzpRLH8uuc5/KVDFneH6jtAJLFGafpzpMRO6DzJ6AvXKze9LfFMrIHVQ=="],

    "@esbuild-kit/core-utils/esbuild/@esbuild/linux-x64": ["@esbuild/linux-x64@0.18.20", "", { "os": "linux", "cpu": "x64" }, "sha512-UYqiqemphJcNsFEskc73jQ7B9jgwjWrSayxawS6UVFZGWrAAtkzjxSqnoclCXxWtfwLdzU+vTpcNYhpn43uP1w=="],

    "@esbuild-kit/core-utils/esbuild/@esbuild/netbsd-x64": ["@esbuild/netbsd-x64@0.18.20", "", { "os": "none", "cpu": "x64" }, "sha512-iO1c++VP6xUBUmltHZoMtCUdPlnPGdBom6IrO4gyKPFFVBKioIImVooR5I83nTew5UOYrk3gIJhbZh8X44y06A=="],

    "@esbuild-kit/core-utils/esbuild/@esbuild/openbsd-x64": ["@esbuild/openbsd-x64@0.18.20", "", { "os": "openbsd", "cpu": "x64" }, "sha512-e5e4YSsuQfX4cxcygw/UCPIEP6wbIL+se3sxPdCiMbFLBWu0eiZOJ7WoD+ptCLrmjZBK1Wk7I6D/I3NglUGOxg=="],

    "@esbuild-kit/core-utils/esbuild/@esbuild/sunos-x64": ["@esbuild/sunos-x64@0.18.20", "", { "os": "sunos", "cpu": "x64" }, "sha512-kDbFRFp0YpTQVVrqUd5FTYmWo45zGaXe0X8E1G/LKFC0v8x0vWrhOWSLITcCn63lmZIxfOMXtCfti/RxN/0wnQ=="],

    "@esbuild-kit/core-utils/esbuild/@esbuild/win32-arm64": ["@esbuild/win32-arm64@0.18.20", "", { "os": "win32", "cpu": "arm64" }, "sha512-ddYFR6ItYgoaq4v4JmQQaAI5s7npztfV4Ag6NrhiaW0RrnOXqBkgwZLofVTlq1daVTQNhtI5oieTvkRPfZrePg=="],

    "@esbuild-kit/core-utils/esbuild/@esbuild/win32-ia32": ["@esbuild/win32-ia32@0.18.20", "", { "os": "win32", "cpu": "ia32" }, "sha512-Wv7QBi3ID/rROT08SABTS7eV4hX26sVduqDOTe1MvGMjNd3EjOz4b7zeexIR62GTIEKrfJXKL9LFxTYgkyeu7g=="],

    "@esbuild-kit/core-utils/esbuild/@esbuild/win32-x64": ["@esbuild/win32-x64@0.18.20", "", { "os": "win32", "cpu": "x64" }, "sha512-kTdfRcSiDfQca/y9QIkng02avJ+NCaQvrMejlsB3RRv5sE9rRoeBPISaZpKxHELzRxZyLvNts1P27W3wV+8geQ=="],

    "unstorage/h3/crossws": ["crossws@0.3.5", "", { "dependencies": { "uncrypto": "^0.1.3" } }, "sha512-ojKiDvcmByhwa8YYqbQI/hg7MEU0NC03+pSdEq4ZUnZR9xXpwk7E43SMNGkn+JxJGPFtNvQ48+vV2p+P1ml5PA=="],
  }
}
